
Microsoft Visual Studio Solution File, Format Version 12.00
# Visual Studio Version 17
VisualStudioVersion = 17.0.31903.59
MinimumVisualStudioVersion = 10.0.40219.1
Project("{8BC9CEB8-8B4A-11D0-8D11-00A0C91BC942}") = "Cross_Zero", "Cross_Zero.vcxproj", "{21E420AC-902B-4F9D-B822-A360A01D4736}"
EndProject
Global
	GlobalSection(SolutionConfigurationPlatforms) = preSolution
		Debug|x64 = Debug|x64
		Debug|x86 = Debug|x86
		Release|x64 = Release|x64
		Release|x86 = Release|x86
	EndGlobalSection
	GlobalSection(ProjectConfigurationPlatforms) = postSolution
		{21E420AC-902B-4F9D-B822-A360A01D4736}.Debug|x64.ActiveCfg = Debug|x64
		{21E420AC-902B-4F9D-B822-A360A01D4736}.Debug|x64.Build.0 = Debug|x64
		{21E420AC-902B-4F9D-B822-A360A01D4736}.Debug|x86.ActiveCfg = Debug|Win32
		{21E420AC-902B-4F9D-B822-A360A01D4736}.Debug|x86.Build.0 = Debug|Win32
		{21E420AC-902B-4F9D-B822-A360A01D4736}.Release|x64.ActiveCfg = Release|x64
		{21E420AC-902B-4F9D-B822-A360A01D4736}.Release|x64.Build.0 = Release|x64
		{21E420AC-902B-4F9D-B822-A360A01D4736}.Release|x86.ActiveCfg = Release|Win32
		{21E420AC-902B-4F9D-B822-A360A01D4736}.Release|x86.Build.0 = Release|Win32
	EndGlobalSection
	GlobalSection(SolutionProperties) = preSolution
		HideSolutionNode = FALSE
	EndGlobalSection
	GlobalSection(ExtensibilityGlobals) = postSolution
		SolutionGuid = {7B926B9F-2A83-4C27-9937-69C0B7A78BE6}
	EndGlobalSection
EndGlobal
